// !$*UTF8*$!
{
	archiveVersion = 1;
	classes = {
	};
	objectVersion = 77;
	objects = {

/* Begin PBXBuildFile section */
		8D3CF2CB2E733AFA009D7EF0 /* WatchLauncher Watch App.app in Embed Watch Content */ = {isa = PBXBuildFile; fileRef = 8D3CF2CA2E733AFA009D7EF0 /* WatchLauncher Watch App.app */; settings = {ATTRIBUTES = (RemoveHeadersOnCopy, ); }; };
		8DC044242E74B52200DFD2A2 /* FaviconFinder in Frameworks */ = {isa = PBXBuildFile; productRef = 8DC044232E74B52200DFD2A2 /* FaviconFinder */; };
		8DC044432E7556DE00DFD2A2 /* MarkdownUI in Frameworks */ = {isa = PBXBuildFile; productRef = 8DC044422E7556DE00DFD2A2 /* MarkdownUI */; };
/* End PBXBuildFile section */

/* Begin PBXContainerItemProxy section */
		8D3CF2CC2E733AFA009D7EF0 /* PBXContainerItemProxy */ = {
			isa = PBXContainerItemProxy;
			containerPortal = 8D3CF2BE2E733AFA009D7EF0 /* Project object */;
			proxyType = 1;
			remoteGlobalIDString = 8D3CF2C92E733AFA009D7EF0;
			remoteInfo = "WatchLauncher Watch App";
		};
/* End PBXContainerItemProxy section */

/* Begin PBXCopyFilesBuildPhase section */
		8D3CF2DA2E733AFC009D7EF0 /* Embed Watch Content */ = {
			isa = PBXCopyFilesBuildPhase;
			buildActionMask = 2147483647;
			dstPath = "$(CONTENTS_FOLDER_PATH)/Watch";
			dstSubfolderSpec = 16;
			files = (
				8D3CF2CB2E733AFA009D7EF0 /* WatchLauncher Watch App.app in Embed Watch Content */,
			);
			name = "Embed Watch Content";
			runOnlyForDeploymentPostprocessing = 0;
		};
/* End PBXCopyFilesBuildPhase section */

/* Begin PBXFileReference section */
		8D3CF2C42E733AFA009D7EF0 /* WatchLauncher.app */ = {isa = PBXFileReference; explicitFileType = wrapper.application; includeInIndex = 0; path = WatchLauncher.app; sourceTree = BUILT_PRODUCTS_DIR; };
		8D3CF2CA2E733AFA009D7EF0 /* WatchLauncher Watch App.app */ = {isa = PBXFileReference; explicitFileType = wrapper.application; includeInIndex = 0; path = "WatchLauncher Watch App.app"; sourceTree = BUILT_PRODUCTS_DIR; };
/* End PBXFileReference section */

/* Begin PBXFileSystemSynchronizedRootGroup section */
		8D3CF2CE2E733AFA009D7EF0 /* WatchLauncher Watch App */ = {
			isa = PBXFileSystemSynchronizedRootGroup;
			path = "WatchLauncher Watch App";
			sourceTree = "<group>";
		};
/* End PBXFileSystemSynchronizedRootGroup section */

/* Begin PBXFrameworksBuildPhase section */
		8D3CF2C72E733AFA009D7EF0 /* Frameworks */ = {
			isa = PBXFrameworksBuildPhase;
			buildActionMask = 2147483647;
			files = (
				8DC044242E74B52200DFD2A2 /* FaviconFinder in Frameworks */,
				8DC044432E7556DE00DFD2A2 /* MarkdownUI in Frameworks */,
			);
			runOnlyForDeploymentPostprocessing = 0;
		};
/* End PBXFrameworksBuildPhase section */

/* Begin PBXGroup section */
		8D3CF2BD2E733AFA009D7EF0 = {
			isa = PBXGroup;
			children = (
				8D3CF2CE2E733AFA009D7EF0 /* WatchLauncher Watch App */,
				8D3CF2C52E733AFA009D7EF0 /* Products */,
			);
			sourceTree = "<group>";
		};
		8D3CF2C52E733AFA009D7EF0 /* Products */ = {
			isa = PBXGroup;
			children = (
				8D3CF2C42E733AFA009D7EF0 /* WatchLauncher.app */,
				8D3CF2CA2E733AFA009D7EF0 /* WatchLauncher Watch App.app */,
			);
			name = Products;
			sourceTree = "<group>";
		};
/* End PBXGroup section */

/* Begin PBXNativeTarget section */
		8D3CF2C32E733AFA009D7EF0 /* WatchLauncher */ = {
			isa = PBXNativeTarget;
			buildConfigurationList = 8D3CF2DB2E733AFC009D7EF0 /* Build configuration list for PBXNativeTarget "WatchLauncher" */;
			buildPhases = (
				8D3CF2C22E733AFA009D7EF0 /* Resources */,
				8D3CF2DA2E733AFC009D7EF0 /* Embed Watch Content */,
			);
			buildRules = (
			);
			dependencies = (
				8D3CF2CD2E733AFA009D7EF0 /* PBXTargetDependency */,
			);
			name = WatchLauncher;
			packageProductDependencies = (
			);
			productName = WatchLauncher;
			productReference = 8D3CF2C42E733AFA009D7EF0 /* WatchLauncher.app */;
			productType = "com.apple.product-type.application.watchapp2-container";
		};
		8D3CF2C92E733AFA009D7EF0 /* WatchLauncher Watch App */ = {
			isa = PBXNativeTarget;
			buildConfigurationList = 8D3CF2D72E733AFC009D7EF0 /* Build configuration list for PBXNativeTarget "WatchLauncher Watch App" */;
			buildPhases = (
				8D3CF2C62E733AFA009D7EF0 /* Sources */,
				8D3CF2C72E733AFA009D7EF0 /* Frameworks */,
				8D3CF2C82E733AFA009D7EF0 /* Resources */,
			);
			buildRules = (
			);
			dependencies = (
			);
			fileSystemSynchronizedGroups = (
				8D3CF2CE2E733AFA009D7EF0 /* WatchLauncher Watch App */,
			);
			name = "WatchLauncher Watch App";
			packageProductDependencies = (
				8DC044232E74B52200DFD2A2 /* FaviconFinder */,
				8DC044422E7556DE00DFD2A2 /* MarkdownUI */,
			);
			productName = "WatchLauncher Watch App";
			productReference = 8D3CF2CA2E733AFA009D7EF0 /* WatchLauncher Watch App.app */;
			productType = "com.apple.product-type.application";
		};
/* End PBXNativeTarget section */

/* Begin PBXProject section */
		8D3CF2BE2E733AFA009D7EF0 /* Project object */ = {
			isa = PBXProject;
			attributes = {
				BuildIndependentTargetsInParallel = 1;
				LastSwiftUpdateCheck = 2600;
				LastUpgradeCheck = 2600;
				TargetAttributes = {
					8D3CF2C32E733AFA009D7EF0 = {
						CreatedOnToolsVersion = 26.0;
					};
					8D3CF2C92E733AFA009D7EF0 = {
						CreatedOnToolsVersion = 26.0;
					};
				};
			};
			buildConfigurationList = 8D3CF2C12E733AFA009D7EF0 /* Build configuration list for PBXProject "WatchLauncher" */;
			developmentRegion = en;
			hasScannedForEncodings = 0;
			knownRegions = (
				en,
				Base,
			);
			mainGroup = 8D3CF2BD2E733AFA009D7EF0;
			minimizedProjectReferenceProxies = 1;
			packageReferences = (
				8DC044222E74B52200DFD2A2 /* XCRemoteSwiftPackageReference "FaviconFinder" */,
				8DC044412E7556DE00DFD2A2 /* XCRemoteSwiftPackageReference "swift-markdown-ui" */,
			);
			preferredProjectObjectVersion = 77;
			productRefGroup = 8D3CF2C52E733AFA009D7EF0 /* Products */;
			projectDirPath = "";
			projectRoot = "";
			targets = (
				8D3CF2C32E733AFA009D7EF0 /* WatchLauncher */,
				8D3CF2C92E733AFA009D7EF0 /* WatchLauncher Watch App */,
			);
		};
/* End PBXProject section */

/* Begin PBXResourcesBuildPhase section */
		8D3CF2C22E733AFA009D7EF0 /* Resources */ = {
			isa = PBXResourcesBuildPhase;
			buildActionMask = 2147483647;
			files = (
			);
			runOnlyForDeploymentPostprocessing = 0;
		};
		8D3CF2C82E733AFA009D7EF0 /* Resources */ = {
			isa = PBXResourcesBuildPhase;
			buildActionMask = 2147483647;
			files = (
			);
			runOnlyForDeploymentPostprocessing = 0;
		};
/* End PBXResourcesBuildPhase section */

/* Begin PBXSourcesBuildPhase section */
		8D3CF2C62E733AFA009D7EF0 /* Sources */ = {
			isa = PBXSourcesBuildPhase;
			buildActionMask = 2147483647;
			files = (
			);
			runOnlyForDeploymentPostprocessing = 0;
		};
/* End PBXSourcesBuildPhase section */

/* Begin PBXTargetDependency section */
		8D3CF2CD2E733AFA009D7EF0 /* PBXTargetDependency */ = {
			isa = PBXTargetDependency;
			target = 8D3CF2C92E733AFA009D7EF0 /* WatchLauncher Watch App */;
			targetProxy = 8D3CF2CC2E733AFA009D7EF0 /* PBXContainerItemProxy */;
		};
/* End PBXTargetDependency section */

/* Begin XCBuildConfiguration section */
		8D3CF2D52E733AFC009D7EF0 /* Debug */ = {
			isa = XCBuildConfiguration;
			buildSettings = {
				ALWAYS_SEARCH_USER_PATHS = NO;
				ASSETCATALOG_COMPILER_GENERATE_SWIFT_ASSET_SYMBOL_EXTENSIONS = YES;
				CLANG_ANALYZER_NONNULL = YES;
				CLANG_ANALYZER_NUMBER_OBJECT_CONVERSION = YES_AGGRESSIVE;
				CLANG_CXX_LANGUAGE_STANDARD = "gnu++20";
				CLANG_ENABLE_MODULES = YES;
				CLANG_ENABLE_OBJC_ARC = YES;
				CLANG_ENABLE_OBJC_WEAK = YES;
				CLANG_WARN_BLOCK_CAPTURE_AUTORELEASING = YES;
				CLANG_WARN_BOOL_CONVERSION = YES;
				CLANG_WARN_COMMA = YES;
				CLANG_WARN_CONSTANT_CONVERSION = YES;
				CLANG_WARN_DEPRECATED_OBJC_IMPLEMENTATIONS = YES;
				CLANG_WARN_DIRECT_OBJC_ISA_USAGE = YES_ERROR;
				CLANG_WARN_DOCUMENTATION_COMMENTS = YES;
				CLANG_WARN_EMPTY_BODY = YES;
				CLANG_WARN_ENUM_CONVERSION = YES;
				CLANG_WARN_INFINITE_RECURSION = YES;
				CLANG_WARN_INT_CONVERSION = YES;
				CLANG_WARN_NON_LITERAL_NULL_CONVERSION = YES;
				CLANG_WARN_OBJC_IMPLICIT_RETAIN_SELF = YES;
				CLANG_WARN_OBJC_LITERAL_CONVERSION = YES;
				CLANG_WARN_OBJC_ROOT_CLASS = YES_ERROR;
				CLANG_WARN_QUOTED_INCLUDE_IN_FRAMEWORK_HEADER = YES;
				CLANG_WARN_RANGE_LOOP_ANALYSIS = YES;
				CLANG_WARN_STRICT_PROTOTYPES = YES;
				CLANG_WARN_SUSPICIOUS_MOVE = YES;
				CLANG_WARN_UNGUARDED_AVAILABILITY = YES_AGGRESSIVE;
				CLANG_WARN_UNREACHABLE_CODE = YES;
				CLANG_WARN__DUPLICATE_METHOD_MATCH = YES;
				COPY_PHASE_STRIP = NO;
				DEBUG_INFORMATION_FORMAT = dwarf;
				DEVELOPMENT_TEAM = P6PV2R9443;
				ENABLE_STRICT_OBJC_MSGSEND = YES;
				ENABLE_TESTABILITY = YES;
				ENABLE_USER_SCRIPT_SANDBOXING = YES;
				GCC_C_LANGUAGE_STANDARD = gnu17;
				GCC_DYNAMIC_NO_PIC = NO;
				GCC_NO_COMMON_BLOCKS = YES;
				GCC_OPTIMIZATION_LEVEL = 0;
				GCC_PREPROCESSOR_DEFINITIONS = (
					"DEBUG=1",
					"$(inherited)",
				);
				GCC_WARN_64_TO_32_BIT_CONVERSION = YES;
				GCC_WARN_ABOUT_RETURN_TYPE = YES_ERROR;
				GCC_WARN_UNDECLARED_SELECTOR = YES;
				GCC_WARN_UNINITIALIZED_AUTOS = YES_AGGRESSIVE;
				GCC_WARN_UNUSED_FUNCTION = YES;
				GCC_WARN_UNUSED_VARIABLE = YES;
				LOCALIZATION_PREFERS_STRING_CATALOGS = YES;
				MTL_ENABLE_DEBUG_INFO = INCLUDE_SOURCE;
				MTL_FAST_MATH = YES;
				ONLY_ACTIVE_ARCH = YES;
				SWIFT_ACTIVE_COMPILATION_CONDITIONS = "DEBUG $(inherited)";
				SWIFT_OPTIMIZATION_LEVEL = "-Onone";
			};
			name = Debug;
		};
		8D3CF2D62E733AFC009D7EF0 /* Release */ = {
			isa = XCBuildConfiguration;
			buildSettings = {
				ALWAYS_SEARCH_USER_PATHS = NO;
				ASSETCATALOG_COMPILER_GENERATE_SWIFT_ASSET_SYMBOL_EXTENSIONS = YES;
				CLANG_ANALYZER_NONNULL = YES;
				CLANG_ANALYZER_NUMBER_OBJECT_CONVERSION = YES_AGGRESSIVE;
				CLANG_CXX_LANGUAGE_STANDARD = "gnu++20";
				CLANG_ENABLE_MODULES = YES;
				CLANG_ENABLE_OBJC_ARC = YES;
				CLANG_ENABLE_OBJC_WEAK = YES;
				CLANG_WARN_BLOCK_CAPTURE_AUTORELEASING = YES;
				CLANG_WARN_BOOL_CONVERSION = YES;
				CLANG_WARN_COMMA = YES;
				CLANG_WARN_CONSTANT_CONVERSION = YES;
				CLANG_WARN_DEPRECATED_OBJC_IMPLEMENTATIONS = YES;
				CLANG_WARN_DIRECT_OBJC_ISA_USAGE = YES_ERROR;
				CLANG_WARN_DOCUMENTATION_COMMENTS = YES;
				CLANG_WARN_EMPTY_BODY = YES;
				CLANG_WARN_ENUM_CONVERSION = YES;
				CLANG_WARN_INFINITE_RECURSION = YES;
				CLANG_WARN_INT_CONVERSION = YES;
				CLANG_WARN_NON_LITERAL_NULL_CONVERSION = YES;
				CLANG_WARN_OBJC_IMPLICIT_RETAIN_SELF = YES;
				CLANG_WARN_OBJC_LITERAL_CONVERSION = YES;
				CLANG_WARN_OBJC_ROOT_CLASS = YES_ERROR;
				CLANG_WARN_QUOTED_INCLUDE_IN_FRAMEWORK_HEADER = YES;
				CLANG_WARN_RANGE_LOOP_ANALYSIS = YES;
				CLANG_WARN_STRICT_PROTOTYPES = YES;
				CLANG_WARN_SUSPICIOUS_MOVE = YES;
				CLANG_WARN_UNGUARDED_AVAILABILITY = YES_AGGRESSIVE;
				CLANG_WARN_UNREACHABLE_CODE = YES;
				CLANG_WARN__DUPLICATE_METHOD_MATCH = YES;
				COPY_PHASE_STRIP = NO;
				DEBUG_INFORMATION_FORMAT = "dwarf-with-dsym";
				DEVELOPMENT_TEAM = P6PV2R9443;
				ENABLE_NS_ASSERTIONS = NO;
				ENABLE_STRICT_OBJC_MSGSEND = YES;
				ENABLE_USER_SCRIPT_SANDBOXING = YES;
				GCC_C_LANGUAGE_STANDARD = gnu17;
				GCC_NO_COMMON_BLOCKS = YES;
				GCC_WARN_64_TO_32_BIT_CONVERSION = YES;
				GCC_WARN_ABOUT_RETURN_TYPE = YES_ERROR;
				GCC_WARN_UNDECLARED_SELECTOR = YES;
				GCC_WARN_UNINITIALIZED_AUTOS = YES_AGGRESSIVE;
				GCC_WARN_UNUSED_FUNCTION = YES;
				GCC_WARN_UNUSED_VARIABLE = YES;
				LOCALIZATION_PREFERS_STRING_CATALOGS = YES;
				MTL_ENABLE_DEBUG_INFO = NO;
				MTL_FAST_MATH = YES;
				SWIFT_COMPILATION_MODE = wholemodule;
			};
			name = Release;
		};
		8D3CF2D82E733AFC009D7EF0 /* Debug */ = {
			isa = XCBuildConfiguration;
			buildSettings = {
				ASSETCATALOG_COMPILER_APPICON_NAME = AppIcon;
				ASSETCATALOG_COMPILER_GLOBAL_ACCENT_COLOR_NAME = AccentColor;
				ASSETCATALOG_COMPILER_INCLUDE_ALL_APPICON_ASSETS = YES;
				CODE_SIGN_STYLE = Automatic;
				CURRENT_PROJECT_VERSION = 1;
				DEVELOPMENT_TEAM = P6PV2R9443;
				ENABLE_PREVIEWS = YES;
				GENERATE_INFOPLIST_FILE = YES;
				INFOPLIST_FILE = "WatchLauncher-Watch-App-Info.plist";
				INFOPLIST_KEY_CFBundleDisplayName = WatchLauncher;
				INFOPLIST_KEY_UISupportedInterfaceOrientations = "UIInterfaceOrientationPortrait UIInterfaceOrientationPortraitUpsideDown";
				INFOPLIST_KEY_WKWatchOnly = YES;
				LD_RUNPATH_SEARCH_PATHS = (
					"$(inherited)",
					"@executable_path/Frameworks",
				);
				MARKETING_VERSION = 1.0;
				PRODUCT_BUNDLE_IDENTIFIER = com.timi2506.WatchLauncher.watchkitapp;
				PRODUCT_NAME = "$(TARGET_NAME)";
				SDKROOT = watchos;
				SKIP_INSTALL = YES;
				STRING_CATALOG_GENERATE_SYMBOLS = YES;
				SWIFT_APPROACHABLE_CONCURRENCY = YES;
				SWIFT_DEFAULT_ACTOR_ISOLATION = MainActor;
				SWIFT_EMIT_LOC_STRINGS = YES;
				SWIFT_UPCOMING_FEATURE_MEMBER_IMPORT_VISIBILITY = YES;
				SWIFT_VERSION = 5.0;
				TARGETED_DEVICE_FAMILY = 4;
				WATCHOS_DEPLOYMENT_TARGET = 10;
			};
			name = Debug;
		};
		8D3CF2D92E733AFC009D7EF0 /* Release */ = {
			isa = XCBuildConfiguration;
			buildSettings = {
				ASSETCATALOG_COMPILER_APPICON_NAME = AppIcon;
				ASSETCATALOG_COMPILER_GLOBAL_ACCENT_COLOR_NAME = AccentColor;
				ASSETCATALOG_COMPILER_INCLUDE_ALL_APPICON_ASSETS = YES;
				CODE_SIGN_STYLE = Automatic;
				CURRENT_PROJECT_VERSION = 1;
				DEVELOPMENT_TEAM = P6PV2R9443;
				ENABLE_PREVIEWS = YES;
				GENERATE_INFOPLIST_FILE = YES;
				INFOPLIST_FILE = "WatchLauncher-Watch-App-Info.plist";
				INFOPLIST_KEY_CFBundleDisplayName = WatchLauncher;
				INFOPLIST_KEY_UISupportedInterfaceOrientations = "UIInterfaceOrientationPortrait UIInterfaceOrientationPortraitUpsideDown";
				INFOPLIST_KEY_WKWatchOnly = YES;
				LD_RUNPATH_SEARCH_PATHS = (
					"$(inherited)",
					"@executable_path/Frameworks",
				);
				MARKETING_VERSION = 1.0;
				PRODUCT_BUNDLE_IDENTIFIER = com.timi2506.WatchLauncher.watchkitapp;
				PRODUCT_NAME = "$(TARGET_NAME)";
				SDKROOT = watchos;
				SKIP_INSTALL = YES;
				STRING_CATALOG_GENERATE_SYMBOLS = YES;
				SWIFT_APPROACHABLE_CONCURRENCY = YES;
				SWIFT_DEFAULT_ACTOR_ISOLATION = MainActor;
				SWIFT_EMIT_LOC_STRINGS = YES;
				SWIFT_UPCOMING_FEATURE_MEMBER_IMPORT_VISIBILITY = YES;
				SWIFT_VERSION = 5.0;
				TARGETED_DEVICE_FAMILY = 4;
				VALIDATE_PRODUCT = YES;
				WATCHOS_DEPLOYMENT_TARGET = 10;
			};
			name = Release;
		};
		8D3CF2DC2E733AFC009D7EF0 /* Debug */ = {
			isa = XCBuildConfiguration;
			buildSettings = {
				CODE_SIGN_STYLE = Automatic;
				CURRENT_PROJECT_VERSION = 1;
				DEVELOPMENT_TEAM = P6PV2R9443;
				INFOPLIST_KEY_CFBundleDisplayName = WatchLauncher;
				IPHONEOS_DEPLOYMENT_TARGET = 17;
				MARKETING_VERSION = 1.0;
				PRODUCT_BUNDLE_IDENTIFIER = com.timi2506.WatchLauncher;
				PRODUCT_NAME = "$(TARGET_NAME)";
				SDKROOT = iphoneos;
				SWIFT_APPROACHABLE_CONCURRENCY = YES;
				SWIFT_UPCOMING_FEATURE_MEMBER_IMPORT_VISIBILITY = YES;
				SWIFT_VERSION = 5.0;
			};
			name = Debug;
		};
		8D3CF2DD2E733AFC009D7EF0 /* Release */ = {
			isa = XCBuildConfiguration;
			buildSettings = {
				CODE_SIGN_STYLE = Automatic;
				CURRENT_PROJECT_VERSION = 1;
				DEVELOPMENT_TEAM = P6PV2R9443;
				INFOPLIST_KEY_CFBundleDisplayName = WatchLauncher;
				IPHONEOS_DEPLOYMENT_TARGET = 17;
				MARKETING_VERSION = 1.0;
				PRODUCT_BUNDLE_IDENTIFIER = com.timi2506.WatchLauncher;
				PRODUCT_NAME = "$(TARGET_NAME)";
				SDKROOT = iphoneos;
				SWIFT_APPROACHABLE_CONCURRENCY = YES;
				SWIFT_UPCOMING_FEATURE_MEMBER_IMPORT_VISIBILITY = YES;
				SWIFT_VERSION = 5.0;
				VALIDATE_PRODUCT = YES;
			};
			name = Release;
		};
/* End XCBuildConfiguration section */

/* Begin XCConfigurationList section */
		8D3CF2C12E733AFA009D7EF0 /* Build configuration list for PBXProject "WatchLauncher" */ = {
			isa = XCConfigurationList;
			buildConfigurations = (
				8D3CF2D52E733AFC009D7EF0 /* Debug */,
				8D3CF2D62E733AFC009D7EF0 /* Release */,
			);
			defaultConfigurationIsVisible = 0;
			defaultConfigurationName = Release;
		};
		8D3CF2D72E733AFC009D7EF0 /* Build configuration list for PBXNativeTarget "WatchLauncher Watch App" */ = {
			isa = XCConfigurationList;
			buildConfigurations = (
				8D3CF2D82E733AFC009D7EF0 /* Debug */,
				8D3CF2D92E733AFC009D7EF0 /* Release */,
			);
			defaultConfigurationIsVisible = 0;
			defaultConfigurationName = Release;
		};
		8D3CF2DB2E733AFC009D7EF0 /* Build configuration list for PBXNativeTarget "WatchLauncher" */ = {
			isa = XCConfigurationList;
			buildConfigurations = (
				8D3CF2DC2E733AFC009D7EF0 /* Debug */,
				8D3CF2DD2E733AFC009D7EF0 /* Release */,
			);
			defaultConfigurationIsVisible = 0;
			defaultConfigurationName = Release;
		};
/* End XCConfigurationList section */

/* Begin XCRemoteSwiftPackageReference section */
		8DC044222E74B52200DFD2A2 /* XCRemoteSwiftPackageReference "FaviconFinder" */ = {
			isa = XCRemoteSwiftPackageReference;
			repositoryURL = "https://github.com/will-lumley/FaviconFinder.git";
			requirement = {
				kind = upToNextMajorVersion;
				minimumVersion = 5.1.4;
			};
		};
		8DC044412E7556DE00DFD2A2 /* XCRemoteSwiftPackageReference "swift-markdown-ui" */ = {
			isa = XCRemoteSwiftPackageReference;
			repositoryURL = "https://github.com/gonzalezreal/swift-markdown-ui.git";
			requirement = {
				kind = upToNextMajorVersion;
				minimumVersion = 2.4.1;
			};
		};
/* End XCRemoteSwiftPackageReference section */

/* Begin XCSwiftPackageProductDependency section */
		8DC044232E74B52200DFD2A2 /* FaviconFinder */ = {
			isa = XCSwiftPackageProductDependency;
			package = 8DC044222E74B52200DFD2A2 /* XCRemoteSwiftPackageReference "FaviconFinder" */;
			productName = FaviconFinder;
		};
		8DC044422E7556DE00DFD2A2 /* MarkdownUI */ = {
			isa = XCSwiftPackageProductDependency;
			package = 8DC044412E7556DE00DFD2A2 /* XCRemoteSwiftPackageReference "swift-markdown-ui" */;
			productName = MarkdownUI;
		};
/* End XCSwiftPackageProductDependency section */
	};
	rootObject = 8D3CF2BE2E733AFA009D7EF0 /* Project object */;
}
